
Microsoft Visual Studio Solution File, Format Version 12.00
# Visual Studio 15
VisualStudioVersion = 15.0.26228.12
MinimumVisualStudioVersion = 10.0.40219.1
Project("{FAE04EC0-301F-11D3-BF4B-00C04F79EFBC}") = "Tests", "EUCCID\Tests.csproj", "{81109876-B3AC-4828-BF8B-76A0CCD34106}"
EndProject
Project("{FAE04EC0-301F-11D3-BF4B-00C04F79EFBC}") = "Helpers", "Helpers\Helpers.csproj", "{C8AD4CF1-CE58-4166-B935-4291AE0AF0FB}"
EndProject
Project("{FAE04EC0-301F-11D3-BF4B-00C04F79EFBC}") = "Models", "Models\Models.csproj", "{9D348DE0-FA9C-4DA6-BC32-0C2B6552EA5B}"
EndProject
Project("{FAE04EC0-301F-11D3-BF4B-00C04F79EFBC}") = "Translator", "Translator\Translator.csproj", "{5C14DE2F-8B5C-4751-866C-A597F545E9BF}"
EndProject
Project("{FAE04EC0-301F-11D3-BF4B-00C04F79EFBC}") = "NewEuCcidService", "EuCcidRegister\NewEuCcidService.csproj", "{1361C02C-CDBF-4B15-B712-D9BE5EE5E592}"
EndProject
Project("{FAE04EC0-301F-11D3-BF4B-00C04F79EFBC}") = "HospitalSystem", "HospitalSystem\HospitalSystem.csproj", "{9D37EBB3-EFAD-4FC4-8AA9-7A1B1603BE83}"
EndProject
Project("{FAE04EC0-301F-11D3-BF4B-00C04F79EFBC}") = "EuCcidToCprImporter", "EuCcidToCprImporter\EuCcidToCprImporter.csproj", "{C8614E13-1BE8-4249-B4F4-2F1B4080D1B4}"
EndProject
Project("{FAE04EC0-301F-11D3-BF4B-00C04F79EFBC}") = "EuCcidLookupService", "EuCcidLookupService\EuCcidLookupService.csproj", "{7CFB9E86-30BD-4CC2-93C1-28BDA2156B9F}"
EndProject
Global
	GlobalSection(SolutionConfigurationPlatforms) = preSolution
		Debug|Any CPU = Debug|Any CPU
		Release|Any CPU = Release|Any CPU
	EndGlobalSection
	GlobalSection(ProjectConfigurationPlatforms) = postSolution
		{81109876-B3AC-4828-BF8B-76A0CCD34106}.Debug|Any CPU.ActiveCfg = Debug|Any CPU
		{81109876-B3AC-4828-BF8B-76A0CCD34106}.Debug|Any CPU.Build.0 = Debug|Any CPU
		{81109876-B3AC-4828-BF8B-76A0CCD34106}.Release|Any CPU.ActiveCfg = Release|Any CPU
		{81109876-B3AC-4828-BF8B-76A0CCD34106}.Release|Any CPU.Build.0 = Release|Any CPU
		{C8AD4CF1-CE58-4166-B935-4291AE0AF0FB}.Debug|Any CPU.ActiveCfg = Debug|Any CPU
		{C8AD4CF1-CE58-4166-B935-4291AE0AF0FB}.Debug|Any CPU.Build.0 = Debug|Any CPU
		{C8AD4CF1-CE58-4166-B935-4291AE0AF0FB}.Release|Any CPU.ActiveCfg = Release|Any CPU
		{C8AD4CF1-CE58-4166-B935-4291AE0AF0FB}.Release|Any CPU.Build.0 = Release|Any CPU
		{9D348DE0-FA9C-4DA6-BC32-0C2B6552EA5B}.Debug|Any CPU.ActiveCfg = Debug|Any CPU
		{9D348DE0-FA9C-4DA6-BC32-0C2B6552EA5B}.Debug|Any CPU.Build.0 = Debug|Any CPU
		{9D348DE0-FA9C-4DA6-BC32-0C2B6552EA5B}.Release|Any CPU.ActiveCfg = Release|Any CPU
		{9D348DE0-FA9C-4DA6-BC32-0C2B6552EA5B}.Release|Any CPU.Build.0 = Release|Any CPU
		{5C14DE2F-8B5C-4751-866C-A597F545E9BF}.Debug|Any CPU.ActiveCfg = Debug|Any CPU
		{5C14DE2F-8B5C-4751-866C-A597F545E9BF}.Debug|Any CPU.Build.0 = Debug|Any CPU
		{5C14DE2F-8B5C-4751-866C-A597F545E9BF}.Release|Any CPU.ActiveCfg = Release|Any CPU
		{5C14DE2F-8B5C-4751-866C-A597F545E9BF}.Release|Any CPU.Build.0 = Release|Any CPU
		{1361C02C-CDBF-4B15-B712-D9BE5EE5E592}.Debug|Any CPU.ActiveCfg = Debug|Any CPU
		{1361C02C-CDBF-4B15-B712-D9BE5EE5E592}.Debug|Any CPU.Build.0 = Debug|Any CPU
		{1361C02C-CDBF-4B15-B712-D9BE5EE5E592}.Release|Any CPU.ActiveCfg = Release|Any CPU
		{1361C02C-CDBF-4B15-B712-D9BE5EE5E592}.Release|Any CPU.Build.0 = Release|Any CPU
		{9D37EBB3-EFAD-4FC4-8AA9-7A1B1603BE83}.Debug|Any CPU.ActiveCfg = Debug|Any CPU
		{9D37EBB3-EFAD-4FC4-8AA9-7A1B1603BE83}.Debug|Any CPU.Build.0 = Debug|Any CPU
		{9D37EBB3-EFAD-4FC4-8AA9-7A1B1603BE83}.Release|Any CPU.ActiveCfg = Release|Any CPU
		{9D37EBB3-EFAD-4FC4-8AA9-7A1B1603BE83}.Release|Any CPU.Build.0 = Release|Any CPU
		{C8614E13-1BE8-4249-B4F4-2F1B4080D1B4}.Debug|Any CPU.ActiveCfg = Debug|Any CPU
		{C8614E13-1BE8-4249-B4F4-2F1B4080D1B4}.Debug|Any CPU.Build.0 = Debug|Any CPU
		{C8614E13-1BE8-4249-B4F4-2F1B4080D1B4}.Release|Any CPU.ActiveCfg = Release|Any CPU
		{C8614E13-1BE8-4249-B4F4-2F1B4080D1B4}.Release|Any CPU.Build.0 = Release|Any CPU
		{7CFB9E86-30BD-4CC2-93C1-28BDA2156B9F}.Debug|Any CPU.ActiveCfg = Debug|Any CPU
		{7CFB9E86-30BD-4CC2-93C1-28BDA2156B9F}.Debug|Any CPU.Build.0 = Debug|Any CPU
		{7CFB9E86-30BD-4CC2-93C1-28BDA2156B9F}.Release|Any CPU.ActiveCfg = Release|Any CPU
		{7CFB9E86-30BD-4CC2-93C1-28BDA2156B9F}.Release|Any CPU.Build.0 = Release|Any CPU
	EndGlobalSection
	GlobalSection(SolutionProperties) = preSolution
		HideSolutionNode = FALSE
	EndGlobalSection
EndGlobal
